
Microsoft Visual Studio Solution File, Format Version 12.00
# Visual Studio Version 17
VisualStudioVersion = 17.9.34622.214
MinimumVisualStudioVersion = 10.0.40219.1
Project("{FAE04EC0-301F-11D3-BF4B-00C04F79EFBC}") = "Lab4Library", "Lab4Library\Lab4Library.csproj", "{B766356A-15C6-4E29-8D14-646CC1A86374}"
EndProject
Global
	GlobalSection(SolutionConfigurationPlatforms) = preSolution
		Debug|Any CPU = Debug|Any CPU
		Release|Any CPU = Release|Any CPU
	EndGlobalSection
	GlobalSection(ProjectConfigurationPlatforms) = postSolution
		{B766356A-15C6-4E29-8D14-646CC1A86374}.Debug|Any CPU.ActiveCfg = Debug|Any CPU
		{B766356A-15C6-4E29-8D14-646CC1A86374}.Debug|Any CPU.Build.0 = Debug|Any CPU
		{B766356A-15C6-4E29-8D14-646CC1A86374}.Release|Any CPU.ActiveCfg = Release|Any CPU
		{B766356A-15C6-4E29-8D14-646CC1A86374}.Release|Any CPU.Build.0 = Release|Any CPU
	EndGlobalSection
	GlobalSection(SolutionProperties) = preSolution
		HideSolutionNode = FALSE
	EndGlobalSection
	GlobalSection(ExtensibilityGlobals) = postSolution
		SolutionGuid = {746A10EB-8DF0-4F87-A0B6-B20F2B8BA4E1}
	EndGlobalSection
EndGlobal
